
Microsoft Visual Studio Solution File, Format Version 12.00
# Visual Studio Version 16
VisualStudioVersion = 16.0.31321.278
MinimumVisualStudioVersion = 10.0.40219.1
Project("{FAE04EC0-301F-11D3-BF4B-00C04F79EFBC}") = "Stealer", "LabReflectionandAttributes\Stealer.csproj", "{C1273860-ABDA-495D-96C7-ECF8ECFAC114}"
EndProject
Project("{FAE04EC0-301F-11D3-BF4B-00C04F79EFBC}") = "AuthorProblem", "AuthorProblem\AuthorProblem.csproj", "{AEF328E4-32E4-4110-A9E3-E28CB4BD39C5}"
EndProject
Global
	GlobalSection(SolutionConfigurationPlatforms) = preSolution
		Debug|Any CPU = Debug|Any CPU
		Release|Any CPU = Release|Any CPU
	EndGlobalSection
	GlobalSection(ProjectConfigurationPlatforms) = postSolution
		{C1273860-ABDA-495D-96C7-ECF8ECFAC114}.Debug|Any CPU.ActiveCfg = Debug|Any CPU
		{C1273860-ABDA-495D-96C7-ECF8ECFAC114}.Debug|Any CPU.Build.0 = Debug|Any CPU
		{C1273860-ABDA-495D-96C7-ECF8ECFAC114}.Release|Any CPU.ActiveCfg = Release|Any CPU
		{C1273860-ABDA-495D-96C7-ECF8ECFAC114}.Release|Any CPU.Build.0 = Release|Any CPU
		{AEF328E4-32E4-4110-A9E3-E28CB4BD39C5}.Debug|Any CPU.ActiveCfg = Debug|Any CPU
		{AEF328E4-32E4-4110-A9E3-E28CB4BD39C5}.Debug|Any CPU.Build.0 = Debug|Any CPU
		{AEF328E4-32E4-4110-A9E3-E28CB4BD39C5}.Release|Any CPU.ActiveCfg = Release|Any CPU
		{AEF328E4-32E4-4110-A9E3-E28CB4BD39C5}.Release|Any CPU.Build.0 = Release|Any CPU
	EndGlobalSection
	GlobalSection(SolutionProperties) = preSolution
		HideSolutionNode = FALSE
	EndGlobalSection
	GlobalSection(ExtensibilityGlobals) = postSolution
		SolutionGuid = {616580BF-C258-4D09-B09A-2333314627C6}
	EndGlobalSection
EndGlobal
