
Microsoft Visual Studio Solution File, Format Version 12.00
# Visual Studio Version 16
VisualStudioVersion = 16.0.31321.278
MinimumVisualStudioVersion = 10.0.40219.1
Project("{FAE04EC0-301F-11D3-BF4B-00C04F79EFBC}") = "LabDesignPatterns", "LabDesignPatterns\LabDesignPatterns.csproj", "{07C9EC06-9577-4259-A227-D2A9AF18C2C4}"
EndProject
Project("{FAE04EC0-301F-11D3-BF4B-00C04F79EFBC}") = "Facade", "Facade\Facade.csproj", "{ED110269-629C-4014-BCFF-BC2E0BDEE95C}"
EndProject
Global
	GlobalSection(SolutionConfigurationPlatforms) = preSolution
		Debug|Any CPU = Debug|Any CPU
		Release|Any CPU = Release|Any CPU
	EndGlobalSection
	GlobalSection(ProjectConfigurationPlatforms) = postSolution
		{07C9EC06-9577-4259-A227-D2A9AF18C2C4}.Debug|Any CPU.ActiveCfg = Debug|Any CPU
		{07C9EC06-9577-4259-A227-D2A9AF18C2C4}.Debug|Any CPU.Build.0 = Debug|Any CPU
		{07C9EC06-9577-4259-A227-D2A9AF18C2C4}.Release|Any CPU.ActiveCfg = Release|Any CPU
		{07C9EC06-9577-4259-A227-D2A9AF18C2C4}.Release|Any CPU.Build.0 = Release|Any CPU
		{ED110269-629C-4014-BCFF-BC2E0BDEE95C}.Debug|Any CPU.ActiveCfg = Debug|Any CPU
		{ED110269-629C-4014-BCFF-BC2E0BDEE95C}.Debug|Any CPU.Build.0 = Debug|Any CPU
		{ED110269-629C-4014-BCFF-BC2E0BDEE95C}.Release|Any CPU.ActiveCfg = Release|Any CPU
		{ED110269-629C-4014-BCFF-BC2E0BDEE95C}.Release|Any CPU.Build.0 = Release|Any CPU
	EndGlobalSection
	GlobalSection(SolutionProperties) = preSolution
		HideSolutionNode = FALSE
	EndGlobalSection
	GlobalSection(ExtensibilityGlobals) = postSolution
		SolutionGuid = {12DC5764-B8FF-43AE-B107-9E13488983F2}
	EndGlobalSection
EndGlobal
