
Microsoft Visual Studio Solution File, Format Version 12.00
# Visual Studio Version 16
VisualStudioVersion = 16.0.31321.278
MinimumVisualStudioVersion = 10.0.40219.1
Project("{9A19103F-16F7-4668-BE54-9A1E7A4F7556}") = "Operations", "LabPolymorphism\Operations.csproj", "{57BBF404-02EC-4B3D-ACF2-9083CD324A23}"
EndProject
Project("{FAE04EC0-301F-11D3-BF4B-00C04F79EFBC}") = "Animals", "Animals\Animals.csproj", "{24A6A1FF-E3CB-483E-A900-4394A35C78B2}"
EndProject
Project("{FAE04EC0-301F-11D3-BF4B-00C04F79EFBC}") = "Shapes", "Shapes\Shapes.csproj", "{0652BA3E-4F6D-4E15-8500-7D206BC0C5D5}"
EndProject
Global
	GlobalSection(SolutionConfigurationPlatforms) = preSolution
		Debug|Any CPU = Debug|Any CPU
		Release|Any CPU = Release|Any CPU
	EndGlobalSection
	GlobalSection(ProjectConfigurationPlatforms) = postSolution
		{57BBF404-02EC-4B3D-ACF2-9083CD324A23}.Debug|Any CPU.ActiveCfg = Debug|Any CPU
		{57BBF404-02EC-4B3D-ACF2-9083CD324A23}.Debug|Any CPU.Build.0 = Debug|Any CPU
		{57BBF404-02EC-4B3D-ACF2-9083CD324A23}.Release|Any CPU.ActiveCfg = Release|Any CPU
		{57BBF404-02EC-4B3D-ACF2-9083CD324A23}.Release|Any CPU.Build.0 = Release|Any CPU
		{24A6A1FF-E3CB-483E-A900-4394A35C78B2}.Debug|Any CPU.ActiveCfg = Debug|Any CPU
		{24A6A1FF-E3CB-483E-A900-4394A35C78B2}.Debug|Any CPU.Build.0 = Debug|Any CPU
		{24A6A1FF-E3CB-483E-A900-4394A35C78B2}.Release|Any CPU.ActiveCfg = Release|Any CPU
		{24A6A1FF-E3CB-483E-A900-4394A35C78B2}.Release|Any CPU.Build.0 = Release|Any CPU
		{0652BA3E-4F6D-4E15-8500-7D206BC0C5D5}.Debug|Any CPU.ActiveCfg = Debug|Any CPU
		{0652BA3E-4F6D-4E15-8500-7D206BC0C5D5}.Debug|Any CPU.Build.0 = Debug|Any CPU
		{0652BA3E-4F6D-4E15-8500-7D206BC0C5D5}.Release|Any CPU.ActiveCfg = Release|Any CPU
		{0652BA3E-4F6D-4E15-8500-7D206BC0C5D5}.Release|Any CPU.Build.0 = Release|Any CPU
	EndGlobalSection
	GlobalSection(SolutionProperties) = preSolution
		HideSolutionNode = FALSE
	EndGlobalSection
	GlobalSection(ExtensibilityGlobals) = postSolution
		SolutionGuid = {9E1F4337-7D27-49EA-845B-898A67CDC744}
	EndGlobalSection
EndGlobal
