
Microsoft Visual Studio Solution File, Format Version 12.00
# Visual Studio Version 16
VisualStudioVersion = 16.0.31321.278
MinimumVisualStudioVersion = 10.0.40219.1
Project("{9A19103F-16F7-4668-BE54-9A1E7A4F7556}") = "ExercisesPolymorphism", "ExercisesPolymorphism\ExercisesPolymorphism.csproj", "{158651B5-FD28-438E-BB9C-36515152A46C}"
EndProject
Project("{FAE04EC0-301F-11D3-BF4B-00C04F79EFBC}") = "Raiding", "Raiding\Raiding.csproj", "{10D93422-FEAF-4FA1-9FEF-5C165F1929E9}"
EndProject
Project("{FAE04EC0-301F-11D3-BF4B-00C04F79EFBC}") = "WildFarm", "WildFarm\WildFarm.csproj", "{8465516B-B75D-4D39-9B1E-B86CAFDFF852}"
EndProject
Global
	GlobalSection(SolutionConfigurationPlatforms) = preSolution
		Debug|Any CPU = Debug|Any CPU
		Release|Any CPU = Release|Any CPU
	EndGlobalSection
	GlobalSection(ProjectConfigurationPlatforms) = postSolution
		{158651B5-FD28-438E-BB9C-36515152A46C}.Debug|Any CPU.ActiveCfg = Debug|Any CPU
		{158651B5-FD28-438E-BB9C-36515152A46C}.Debug|Any CPU.Build.0 = Debug|Any CPU
		{158651B5-FD28-438E-BB9C-36515152A46C}.Release|Any CPU.ActiveCfg = Release|Any CPU
		{158651B5-FD28-438E-BB9C-36515152A46C}.Release|Any CPU.Build.0 = Release|Any CPU
		{10D93422-FEAF-4FA1-9FEF-5C165F1929E9}.Debug|Any CPU.ActiveCfg = Debug|Any CPU
		{10D93422-FEAF-4FA1-9FEF-5C165F1929E9}.Debug|Any CPU.Build.0 = Debug|Any CPU
		{10D93422-FEAF-4FA1-9FEF-5C165F1929E9}.Release|Any CPU.ActiveCfg = Release|Any CPU
		{10D93422-FEAF-4FA1-9FEF-5C165F1929E9}.Release|Any CPU.Build.0 = Release|Any CPU
		{8465516B-B75D-4D39-9B1E-B86CAFDFF852}.Debug|Any CPU.ActiveCfg = Debug|Any CPU
		{8465516B-B75D-4D39-9B1E-B86CAFDFF852}.Debug|Any CPU.Build.0 = Debug|Any CPU
		{8465516B-B75D-4D39-9B1E-B86CAFDFF852}.Release|Any CPU.ActiveCfg = Release|Any CPU
		{8465516B-B75D-4D39-9B1E-B86CAFDFF852}.Release|Any CPU.Build.0 = Release|Any CPU
	EndGlobalSection
	GlobalSection(SolutionProperties) = preSolution
		HideSolutionNode = FALSE
	EndGlobalSection
	GlobalSection(ExtensibilityGlobals) = postSolution
		SolutionGuid = {D40111E2-14E6-4FCA-8762-39E6727031F2}
	EndGlobalSection
EndGlobal
